{
  "version": 3,
  "mopsTomlDepsHash": "8eb786cd4e90ddd7d7ee73b73742fa8e8509bda005d8c6ed9260ab56f4637354",
  "deps": {
    "test": "2.1.1",
    "base": "0.14.5",
    "core": "2.5.0"
  },
  "hashes": {
    "test@2.1.1": {
      "test@2.1.1/README.md": "76a5d6bf7756397519adeda163683aa63eb74cc2f2aeb65d383d57edae385af4",
      "test@2.1.1/src/expect/async.mo": "c1518bd82ef8c2def86bc6b5fc1df1691eab9935adacc413cab4fe9f1eda6f4a",
      "test@2.1.1/src/utils.mo": "6d197e934f6b57f582d56745b2534e6df97f945fdab484c79b2b43d44c561804",
      "test@2.1.1/src/lib.mo": "f86a9f8a50221e17f6b695ce9d077221b21700e5ebedab51c4d43801adf39026",
      "test@2.1.1/src/async.mo": "364d33b3ea035d5b20b14a6df9d2645d45a3dfbcf755a59e1236ecd03c0e6913",
      "test@2.1.1/mops.toml": "9fc0e943832a78a99cfbccd1eea5c2665e93436004384f0903c3caf8b6e5984a",
      "test@2.1.1/LICENSE": "9323eded2cdf2129732f5b7cd812f350eba0cf68451bb2e1726eaa749b9b1885",
      "test@2.1.1/src/expect/expect-array.mo": "5b640887c2a033c2a2584d4e2a630ac73070fad4eea91ca818f4b077f658e1de",
      "test@2.1.1/src/expect/expect-bool.mo": "aac09fb62e3e51184233f909ff12275a7a9996d5cb0354b23b644d5ba20b99e0",
      "test@2.1.1/src/expect/expect-blob.mo": "0f6d3cb037ac637c8f9e688bf2b22f99104273bcc25ecdd85669505b407f9d85",
      "test@2.1.1/src/expect/expect-int.mo": "b7d775b6b22007978b6e40e37e66f648a356a3dc8b603e3a1db98a3884647c8f",
      "test@2.1.1/src/expect/expect-char.mo": "2d572db5b2b59a3d81bdbcf0e9bb2d0fa6779aaae18c7dcf8f4efbf2fde1d5b1",
      "test@2.1.1/src/expect/expect-int16.mo": "41bbbcf2feb6771d1a5cb511dc6036f1e00b4408b4b524d420a13120aea20401",
      "test@2.1.1/src/expect/expect-call.mo": "8e0b46e6fa1e5b9ccaa04585759c5091a4311a756dd4dbc7d2ffd3f8c4ad7a01",
      "test@2.1.1/src/expect/expect-int32.mo": "bef183e0ce272082d619872a60c75a30567b26db2afd1ca4e56cf6534ef4479f",
      "test@2.1.1/src/expect/expect-int64.mo": "6dc9351d9ce534b16816f51d4e9ddfd0940dbaa1d76fe4e4625260805efdf38a",
      "test@2.1.1/src/expect/expect-nat.mo": "224f85e3e96eb84d4d7f9828e220816d4792fb1910931b00ecd0699710224a02",
      "test@2.1.1/src/expect/expect-int8.mo": "eefce98e69be550fc7edda76d5e3b661fa66e73f88414ec5d7bc66d84fbfe977",
      "test@2.1.1/src/expect/expect-option.mo": "b87749f2aea8603ff42b5c2c77c1358c36953f657bfedaee080f2141535480e6",
      "test@2.1.1/src/expect/expect-nat16.mo": "3dbf17e08fecd34cab13ebfee97a886173480fdd7a9e1c0ab17bbb2cac67354c",
      "test@2.1.1/src/expect/expect-nat32.mo": "81c025c8d32590c14f6aa454653971cdd75033faa9365a804a91cd13623745ae",
      "test@2.1.1/src/expect/expect-nat64.mo": "9889cabe96ede8b76d61b9a2e625872043d334d4d5d807b389cbdf2d9373d39a",
      "test@2.1.1/src/expect/expect-nat8.mo": "dab31f87a724c88216aa3d2d6b061510cfc56437a906069f3cde707015d73bf1",
      "test@2.1.1/src/expect/expect-principal.mo": "298a02574700b7fb507d40b373579ebbfa0eee8c5ec8577a5794ddf3ece687dc",
      "test@2.1.1/src/expect/expect-result.mo": "e88ffb67d5fe0b969e3de4dbdb0129a6441d5431ab76d6493557ef7b724112ef",
      "test@2.1.1/src/expect/expect-text.mo": "b9ec4564c0c0c2254584956107b8ce01e20ed9bdd5ff7c56b7cabaffd1057e9c",
      "test@2.1.1/src/expect/utils.mo": "d7e3b792b4ab12455f6ba285f747de1c53d73649105633c5477985a2064894b5",
      "test@2.1.1/src/expect/lib.mo": "b74da3928ed8c23c31b5979059f0ac549cd7f09e7a29af9b105d8f9e32e192ed"
    },
    "base@0.14.5": {
      "base@0.14.5/NOTICE": "3960a8d25fa5fc909325817b08b36c1146970930ca15b6352f8ea6db803cab47",
      "base@0.14.5/LICENSE": "166bd8e8cf7790087d1fd18a9fa4d060cc0d0b3e5ab30689aa5f3a59a93386bf",
      "base@0.14.5/src/Array.mo": "b8b182ec7522daf79160a00e34a7ea558369c32c2b67a6ed339fa2e56ce60835",
      "base@0.14.5/README.md": "f45244a47229456939321014b550e3360b4f8c4d0fd60aa60bbba7e9eacbc8de",
      "base@0.14.5/mops.toml": "59ea83dffe62422ab986848a78aed520b41f0a2352695bc65344c856138198b9",
      "base@0.14.5/src/AssocList.mo": "07a92db12c36ba96baf3fb45ac76662407ca5d6cee7aedb01fa8ed6d9ee98cf4",
      "base@0.14.5/src/Blob.mo": "9d4b10667080778bca66cb534f1e0a1477e5247a970170f4ba19e7c58cc4939d",
      "base@0.14.5/src/Bool.mo": "65faf01dc6e3609ed2f729b813811506951adcce71c081fc6edcdbae4c8b1169",
      "base@0.14.5/src/Error.mo": "a5045ea30d25ac7d731a18ddae6a60fd28790971881dfe6e8560f212d95df614",
      "base@0.14.5/src/CertifiedData.mo": "51a205989529f6b4fe788f78be0de2da1cb96f6532aac8accccbf4421cce3d06",
      "base@0.14.5/src/Debug.mo": "b1c97f53827eb8f5476c663fba8d4ec54a69980c15f7b9c74335d9bf8be0a973",
      "base@0.14.5/src/Char.mo": "dc34cfe3482b92134e5604629377b4236367f2f31d8a82b81084ca5cadf31c2e",
      "base@0.14.5/src/ExperimentalCycles.mo": "baec79c136832746e2719f7d045926c445e88ff1a87a98fb7ad367554fd5e665",
      "base@0.14.5/src/Deque.mo": "39da68fb8f19fb497aa3db769ffe2cb740cab54e6d82264052de505edac9b17b",
      "base@0.14.5/src/Buffer.mo": "7ad75dec25ea37e964c536d6bb86ed90cc48047feedb57c9ded359bea49045f7",
      "base@0.14.5/src/ExperimentalInternetComputer.mo": "00ffec3506f3bd66a3ed72e70d2c98e24c0d98be2750d35b8109e00d3aee453d",
      "base@0.14.5/src/ExperimentalStableMemory.mo": "70330ae4d113e15d1d211c8ea229bc0a6fc6c014f5fece58aea0de90c82e4fff",
      "base@0.14.5/src/Float.mo": "36d61a5e1ca108ae28a168d507c6d99b7e5fc11be600f687ea6bcd7fe3db84fe",
      "base@0.14.5/src/Func.mo": "bea8bcb92707a255814e0a7d79c238e490860c38001438612948704027f05bec",
      "base@0.14.5/src/HashMap.mo": "639c3377687ef59c22ac8df7ef5b26cf6c9689a356ea1ac9fbe215819db59adf",
      "base@0.14.5/src/Heap.mo": "517b746ca16d80b9b7cf3fc6c2883854d4cb240bd494a888fb65ac02441f769b",
      "base@0.14.5/src/Int.mo": "3dc2fe075ca553d92cb8178f3216a591233376ffb591d42a8f08bd86c7b5cea6",
      "base@0.14.5/src/Hash.mo": "99d7add2ed6e82cf482593ac85edd231d507ef542608cd42fec1cc6d764906e9",
      "base@0.14.5/src/Int32.mo": "bcb4775ef68e0b2b5b872771abcda8eaef4e0a126562b0877e91b3a1ebaaffd6",
      "base@0.14.5/src/Int16.mo": "586617af6cef687bd05cd29cd0c785b366ad5ad2b871151f909de76671b755c3",
      "base@0.14.5/src/Iter.mo": "140291f243dfcfdbedb54a264cce76b7481eeb8767224a41fa9951beaf067b67",
      "base@0.14.5/src/Int8.mo": "dfdaf280fe2a1b7524cf82116ccdeea5c70cb27046b8addd3c3d9f387b17f594",
      "base@0.14.5/src/Int64.mo": "7cfa15c6a8b777fb5f67e841da3d0960a5ef43c66d46acdf354e8a7dfac57d2d",
      "base@0.14.5/src/IterType.mo": "1b6361f1b7ee81d1974719c8464c8c574aaee992c37c3c7b6c39f107a58af01c",
      "base@0.14.5/src/Nat32.mo": "7919cf0598707ae3628d70caa3bb44c04e3bd940752b85481f4f071cde89b66a",
      "base@0.14.5/src/Nat.mo": "d2d24f2b42365b3a54c8bb3cf467b94d1ec7f3271a7d0f671986c04a39a8b844",
      "base@0.14.5/src/List.mo": "d13e77eb05b4edcca55e7cc5ee7ce5018c5a137a7a67708e8eb54967c38673fb",
      "base@0.14.5/src/Nat16.mo": "42483fe26ec90fcfc5d90e82df945ea128d10145dada4ee8f68ee85e62f17841",
      "base@0.14.5/src/Nat8.mo": "b9266d0b5e284288beeca990963cb7a8c9492d69771c656d0501507a613802ba",
      "base@0.14.5/src/Nat64.mo": "dce2861f9674d6301fb2b98475460e85b3d245537c52e3c7a90fac257e5c96f0",
      "base@0.14.5/src/None.mo": "b204a4964519117e6fa8ee82da5653376988cf618fc397205dfc8ea58f60d2d1",
      "base@0.14.5/src/Option.mo": "72c9ddc183b6248375e0f96efd33881a130a465f97e6a3a553ffe8f16bb5fba7",
      "base@0.14.5/src/Order.mo": "d8c76128271612469d052520f10af726556df78688729f9856b62ea292e0f43f",
      "base@0.14.5/src/OrderedMap.mo": "d743491a4dca60fb446144617a1e813019ec1c9c345281144bc5103061fb2eb0",
      "base@0.14.5/src/Prelude.mo": "7b4ea84cb683203c68d6135b524ca5587a1b23436d6733e0aaf723d36be4aa85",
      "base@0.14.5/src/OrderedSet.mo": "44d4fd4e3b9587124996daebf52ec81cb83a350d02b56f1ab097f1ad3fef0e41",
      "base@0.14.5/src/RBTree.mo": "3e5766dbdc21e358f407718bd9a210af5a5dfb7a10843fe0e09b005fd3f4a07a",
      "base@0.14.5/src/Principal.mo": "5e50eba952b7de62450264a2ece0af6edadd0b6dd4c8cfd2e432ca66022f70ab",
      "base@0.14.5/src/Result.mo": "4aa00198ee36ea3b60519f9c350e1c17b14b6ffa005b6d4edcff36a0a206f3af",
      "base@0.14.5/src/Region.mo": "6ca3019aed15ad442a3a794000ac245b2bcbd846033966e446dc1a29986dbf0b",
      "base@0.14.5/src/Random.mo": "15f6fd50d10a9eb401c3f18f19874fb334fec309e94499a46a0a876037dca266",
      "base@0.14.5/src/Time.mo": "4e2a6126d0a2b0b862735adbde93620a70cb388af25a87c7b853650abd0743ab",
      "base@0.14.5/src/Text.mo": "d21beb556b69c6a21bb2ba87830b132c4f46ec2f97abb2c34187198dc5a58818",
      "base@0.14.5/src/Stack.mo": "4b2681e9ed562b02840b7a46b58e66b695a725f31b94f6c9952e95e81b703b84",
      "base@0.14.5/src/Timer.mo": "e6302739637537d10fd84b6d0c7d79ac85f791d62d0e61090f9b93be8b8b8ced",
      "base@0.14.5/src/TrieMap.mo": "6d69d887006cd1dff09331473f258141bccb251a04a3a8221b65720a4bf237ac",
      "base@0.14.5/src/TrieSet.mo": "29b3314f43fad714fc7b68cc3b0dde00a7d8b02b6431afd7fe12304dc14f9612",
      "base@0.14.5/src/Trie.mo": "63c0fbe6d48808630c7edf51d66140b8b2a43a734e425ab854234126e242cb07"
    },
    "core@2.5.0": {
      "core@2.5.0/src/Blob.mo": "25d7c07e9786f11ceb8611a32a83b8491769580024054086e4548607a67afbe4",
      "core@2.5.0/LICENSE": "840e3d57a38a8061f55d04470fbd58b9345326fa04ea10ee42add5c6e3b2aa08",
      "core@2.5.0/README.md": "9fce230bdc675d2493d65493c295ffce47bda7b56a80d23a389ca95d117dcb39",
      "core@2.5.0/NOTICE": "d62ca4ef9e2c9df064115c339013593cf0769e2b9dc78fa4b3211222541c7f83",
      "core@2.5.0/mops.toml": "5d34e80a4636956c22bedeeb1c00de33eb1ebfc32a2c2bdd260ce5045fce84ef",
      "core@2.5.0/src/Array.mo": "7400fd0e6d2550ddb6d01833f67a69109c617032ac445275aabc7c7d188caf8d",
      "core@2.5.0/src/Base64.mo": "34bedbad18db06770823e86668a5968893124bfa6d60d8df6b8d9a9a8e15e441",
      "core@2.5.0/src/Bool.mo": "3b606a6631f28c774e3055bc860201e56260fd32fdc5e8dc00d901506be95db5",
      "core@2.5.0/src/Error.mo": "2112280ea5300ae94ff9188c3bbd75a7db87f0c6eb65c2ac5bf04bc27c851d98",
      "core@2.5.0/src/CallerAttributes.mo": "7ac5ea306f7e4393a7830a1dd522583d3388b8dd4667db132ee77ba9ae131f66",
      "core@2.5.0/src/Debug.mo": "526c3f9d94e4a682917febb7b0021831a7cc345a2aa63e2499ddeda33cf63b3e",
      "core@2.5.0/src/Cycles.mo": "9f5c1fceea47f05c43f22a1c25e8753fb7e552e36106d27bceef24b1310f4cbc",
      "core@2.5.0/src/Char.mo": "ecc2550a6c70ccbb204d216bd18a422d2fcfbb4668a89ac49aab059972902041",
      "core@2.5.0/src/Float.mo": "d8b0afa56911ce8da99e26c8b0f2f149cfdea04da864805ee1af44b67ce047b7",
      "core@2.5.0/src/CertifiedData.mo": "5af3182d77ab7aab2384d1f663a8cd992bbd6652aacff29c443314cf2186328f",
      "core@2.5.0/src/Int32.mo": "41d42155e753ef9fc1301c8823f255134bf2202d4a74ef33e7b7b54a8fc53af4",
      "core@2.5.0/src/Int16.mo": "78c72aafbc039e2c0becc824caa4181158206759d6859e83077db360bc8568c3",
      "core@2.5.0/src/Float32.mo": "8716c0504acb010c2f358a22896f917835377ebf16e4977e1776a26dae1d615c",
      "core@2.5.0/src/Func.mo": "535991ccca8d551d48129a0b7df03ea7bd6ebf3d74b1b572259d10ce709d7d46",
      "core@2.5.0/src/Int.mo": "03886964690ff75ecd4170decd67653c517dadc65d9957fc644d03e9c1cf9abb",
      "core@2.5.0/src/InternetComputer.mo": "969951411beb5caf7d60ba6d5e906a5c70a3b466cee42e1135d1cd3d791cb3a1",
      "core@2.5.0/src/Int64.mo": "f1fda85af9f20b47bcbfda6eaef08c6eee11cab6e5fe3eadb2d9b1c2bcef2e65",
      "core@2.5.0/src/Int8.mo": "361af007cfc333937c6bb8e238304db1a7f07a310ec3321a85b89d627f16990f",
      "core@2.5.0/src/Map.mo": "71c1dd738868479cc9770470706f6f222ac9d7b4a2743f59b33b16b31fd98ac7",
      "core@2.5.0/src/List.mo": "263c61ad591bc94f5adfc27517122ce060b9f50425b52e4e01c2d0ed1ced029d",
      "core@2.5.0/src/Nat16.mo": "2b04622ab82be11147130dce8968195c0d4a09b37de8f57d16580673ca780f78",
      "core@2.5.0/src/Nat64.mo": "b7ea9f45a35f82c81771c1c36d99d73fdbd9e21f5b0c10e832685f7327246c5e",
      "core@2.5.0/src/Nat32.mo": "e3630af6551ae2a80f3809870f55d137c07f68092940c8d9255395504e4e81c8",
      "core@2.5.0/src/Iter.mo": "3627fbf52a392bfa76c6d6803c584b1556add077d0ad214d55802e17acf4d773",
      "core@2.5.0/src/Nat.mo": "78dab3e33310b766ee9066095a3e6acb1884a8dac32ae9a7cd560637d1e4ea4a",
      "core@2.5.0/src/Nat8.mo": "e45a6ae2a55ee6ff890d556dc289816b1bdf352d52d4b3ce54e57ae795deffc2",
      "core@2.5.0/src/Option.mo": "aeec94cd6954e7b8b5463a5b15abddfb56c5322cb9b9e7ac782092d5c33a8b38",
      "core@2.5.0/src/Region.mo": "741a6fae4f61e42fa0a938b00646515edfc96527341a3a2c3936d436c973798b",
      "core@2.5.0/src/Result.mo": "0932722ab0187524c3c11539ccf2a1b9453438a9f3a042dde94e45d9c56a32c5",
      "core@2.5.0/src/Principal.mo": "2246c14f55c5bc6968d97b551d9083522bb7a35bfac6f10f4dbcaa7ba53fbb3f",
      "core@2.5.0/src/Random.mo": "f5d48c30297b579a068af8cd8c6f4f986605e492b1b65424329a5171d1480e97",
      "core@2.5.0/src/Order.mo": "6c21e905e1e8c2b40cd50438218230c207d0bbec0d2514779edd76f9f84a812c",
      "core@2.5.0/src/PriorityQueue.mo": "37b9906d1d5a61e520027fd2e48a77facb28ddc760d8129447d6902e037ef7ce",
      "core@2.5.0/src/Queue.mo": "807ae8b4bdcaef6e37c57b65a93a04c0c5ed72f77e315e9916f5a25f62ce424f",
      "core@2.5.0/src/Runtime.mo": "d221bd16b45cb717cb4ef4fd698fa8632a415aecbbb5a6fdc8b5cd4bc50a9e56",
      "core@2.5.0/src/Stack.mo": "ed3c98fae4164ab4f934752f9adc2a92098af8f6d9fc71b16a54867cdb8787f8",
      "core@2.5.0/src/Text.mo": "c23d3f2970234a9553d33aaed7907684d16b220e2cea95ebce02b25c3215e787",
      "core@2.5.0/src/Types.mo": "00dc0132996b3bb3eaf5cc4413be78ca860137ef26f5b472b0e7b3ef68f6652f",
      "core@2.5.0/src/Tuples.mo": "0156c1fc21fffedd71d173e0d1b1e7a9a19726cbc49ec1cf49029d6d93bc7955",
      "core@2.5.0/src/Timer.mo": "389c247eed600fc8195ad1d9872f98fcc92faad96335c9734cf5265d573612e2",
      "core@2.5.0/src/Set.mo": "d64fed0989da152d0a4baa81719bef548ad3f461367d5d434d14e98cb18281f0",
      "core@2.5.0/src/Time.mo": "fcffd56cbeb21c3d8613973f3f1ea382babcf122ea93c9689149f0101c5f3e96",
      "core@2.5.0/src/WeakReference.mo": "06e58a6d67bf67c4b31ff871416d0cf6d6e34bfb409ce73d83372ef6b74de3cf",
      "core@2.5.0/src/VarArray.mo": "289e68fe216caa39d7d4829b73ccc03ed6e5e2e1d07079e3baa83b55651d1dd8",
      "core@2.5.0/src/internal/BTreeHelper.mo": "20a475baf18f924ee0297fc234469fa0985cdaa31c85ce002b5a921383b0534d",
      "core@2.5.0/src/pure/List.mo": "b4fb45cf75410461fb1501a316d2384d1be63fee1fccf11ed1d29677e5e2393c",
      "core@2.5.0/src/internal/PRNG.mo": "8a93e87baa2b12f613c82394a4a05b425e44a695bbace4ca36f9a1f78be26442",
      "core@2.5.0/src/internal/SortHelper.mo": "fff4f2eec5c59a3db13e46eeb69152bb1b98931f45cb58ac481439a0cd0d10bb",
      "core@2.5.0/src/pure/Map.mo": "e9868fc4dd5e8e6272382e33241c59f8664e3de2e618cbf62fa8b20beabecfab",
      "core@2.5.0/src/pure/Queue.mo": "ed0bd0968457ea3bb24c5367f0dbdb159cfe950d0e2666224985e57a784fae3b",
      "core@2.5.0/src/pure/RealTimeQueue.mo": "af133ae61c69ce4e00db5e9db53ddeccad84373fef82a156c85360c2426349dd",
      "core@2.5.0/src/pure/Set.mo": "f0155b1d548cbc8889fcff75ef52f0cab7998b034621e4faac8d3b79d7bbac07"
    }
  }
}